// !$*UTF8*$!
{
	archiveVersion = 1;
	classes = {
	};
	objectVersion = 46;
	objects = {

/* Begin PBXBuildFile section */
		106608B81DCA4D5700E34918 /* FNUrlRouteHandleOver.swift in Sources */ = {isa = PBXBuildFile; fileRef = 106608B71DCA4D5700E34918 /* FNUrlRouteHandleOver.swift */; };
		1075430C1DC8EF0300DE5160 /* LoginModule.swift in Sources */ = {isa = PBXBuildFile; fileRef = 1075430B1DC8EF0300DE5160 /* LoginModule.swift */; };
		1075430F1DC8F76400DE5160 /* SafariServices.framework in Frameworks */ = {isa = PBXBuildFile; fileRef = 1075430E1DC8F76400DE5160 /* SafariServices.framework */; };
		10CFBF261DC73B0900C41964 /* AppDelegate.swift in Sources */ = {isa = PBXBuildFile; fileRef = 10CFBF251DC73B0900C41964 /* AppDelegate.swift */; };
		10CFBF281DC73B0900C41964 /* ViewController.swift in Sources */ = {isa = PBXBuildFile; fileRef = 10CFBF271DC73B0900C41964 /* ViewController.swift */; };
		10CFBF2D1DC73B0900C41964 /* Assets.xcassets in Resources */ = {isa = PBXBuildFile; fileRef = 10CFBF2C1DC73B0900C41964 /* Assets.xcassets */; };
		10CFBF301DC73B0900C41964 /* LaunchScreen.storyboard in Resources */ = {isa = PBXBuildFile; fileRef = 10CFBF2E1DC73B0900C41964 /* LaunchScreen.storyboard */; };
		10CFBF391DC73B5400C41964 /* FNUrlRoute.swift in Sources */ = {isa = PBXBuildFile; fileRef = 10CFBF381DC73B5400C41964 /* FNUrlRoute.swift */; };
		10CFBF3B1DC73B6500C41964 /* FN.swift in Sources */ = {isa = PBXBuildFile; fileRef = 10CFBF3A1DC73B6500C41964 /* FN.swift */; };
		10CFBF3D1DC73BB800C41964 /* GoodDetailViewController.swift in Sources */ = {isa = PBXBuildFile; fileRef = 10CFBF3C1DC73BB800C41964 /* GoodDetailViewController.swift */; };
		10CFBF3F1DC73DBF00C41964 /* FNUtil.swift in Sources */ = {isa = PBXBuildFile; fileRef = 10CFBF3E1DC73DBF00C41964 /* FNUtil.swift */; };
		10CFBF411DC74DAB00C41964 /* FNUrlRouteDelegate.swift in Sources */ = {isa = PBXBuildFile; fileRef = 10CFBF401DC74DAB00C41964 /* FNUrlRouteDelegate.swift */; };
		10CFBF431DC7905B00C41964 /* FNUrlMatcher.swift in Sources */ = {isa = PBXBuildFile; fileRef = 10CFBF421DC7905B00C41964 /* FNUrlMatcher.swift */; };
		10CFBF451DC7AC5C00C41964 /* ShopDetailViewController.swift in Sources */ = {isa = PBXBuildFile; fileRef = 10CFBF441DC7AC5C00C41964 /* ShopDetailViewController.swift */; };
/* End PBXBuildFile section */

/* Begin PBXFileReference section */
		106608B71DCA4D5700E34918 /* FNUrlRouteHandleOver.swift */ = {isa = PBXFileReference; fileEncoding = 4; lastKnownFileType = sourcecode.swift; path = FNUrlRouteHandleOver.swift; sourceTree = "<group>"; };
		1075430B1DC8EF0300DE5160 /* LoginModule.swift */ = {isa = PBXFileReference; fileEncoding = 4; lastKnownFileType = sourcecode.swift; path = LoginModule.swift; sourceTree = "<group>"; };
		1075430E1DC8F76400DE5160 /* SafariServices.framework */ = {isa = PBXFileReference; lastKnownFileType = wrapper.framework; name = SafariServices.framework; path = System/Library/Frameworks/SafariServices.framework; sourceTree = SDKROOT; };
		10CFBF221DC73B0900C41964 /* FNUrlRoute.app */ = {isa = PBXFileReference; explicitFileType = wrapper.application; includeInIndex = 0; path = FNUrlRoute.app; sourceTree = BUILT_PRODUCTS_DIR; };
		10CFBF251DC73B0900C41964 /* AppDelegate.swift */ = {isa = PBXFileReference; lastKnownFileType = sourcecode.swift; path = AppDelegate.swift; sourceTree = "<group>"; };
		10CFBF271DC73B0900C41964 /* ViewController.swift */ = {isa = PBXFileReference; lastKnownFileType = sourcecode.swift; path = ViewController.swift; sourceTree = "<group>"; };
		10CFBF2C1DC73B0900C41964 /* Assets.xcassets */ = {isa = PBXFileReference; lastKnownFileType = folder.assetcatalog; path = Assets.xcassets; sourceTree = "<group>"; };
		10CFBF2F1DC73B0900C41964 /* Base */ = {isa = PBXFileReference; lastKnownFileType = file.storyboard; name = Base; path = Base.lproj/LaunchScreen.storyboard; sourceTree = "<group>"; };
		10CFBF311DC73B0900C41964 /* Info.plist */ = {isa = PBXFileReference; lastKnownFileType = text.plist.xml; path = Info.plist; sourceTree = "<group>"; };
		10CFBF381DC73B5400C41964 /* FNUrlRoute.swift */ = {isa = PBXFileReference; fileEncoding = 4; lastKnownFileType = sourcecode.swift; path = FNUrlRoute.swift; sourceTree = "<group>"; };
		10CFBF3A1DC73B6500C41964 /* FN.swift */ = {isa = PBXFileReference; fileEncoding = 4; lastKnownFileType = sourcecode.swift; path = FN.swift; sourceTree = "<group>"; };
		10CFBF3C1DC73BB800C41964 /* GoodDetailViewController.swift */ = {isa = PBXFileReference; fileEncoding = 4; lastKnownFileType = sourcecode.swift; path = GoodDetailViewController.swift; sourceTree = "<group>"; };
		10CFBF3E1DC73DBF00C41964 /* FNUtil.swift */ = {isa = PBXFileReference; fileEncoding = 4; lastKnownFileType = sourcecode.swift; path = FNUtil.swift; sourceTree = "<group>"; };
		10CFBF401DC74DAB00C41964 /* FNUrlRouteDelegate.swift */ = {isa = PBXFileReference; fileEncoding = 4; lastKnownFileType = sourcecode.swift; path = FNUrlRouteDelegate.swift; sourceTree = "<group>"; };
		10CFBF421DC7905B00C41964 /* FNUrlMatcher.swift */ = {isa = PBXFileReference; fileEncoding = 4; lastKnownFileType = sourcecode.swift; path = FNUrlMatcher.swift; sourceTree = "<group>"; };
		10CFBF441DC7AC5C00C41964 /* ShopDetailViewController.swift */ = {isa = PBXFileReference; fileEncoding = 4; lastKnownFileType = sourcecode.swift; path = ShopDetailViewController.swift; sourceTree = "<group>"; };
/* End PBXFileReference section */

/* Begin PBXFrameworksBuildPhase section */
		10CFBF1F1DC73B0900C41964 /* Frameworks */ = {
			isa = PBXFrameworksBuildPhase;
			buildActionMask = 2147483647;
			files = (
				1075430F1DC8F76400DE5160 /* SafariServices.framework in Frameworks */,
			);
			runOnlyForDeploymentPostprocessing = 0;
		};
/* End PBXFrameworksBuildPhase section */

/* Begin PBXGroup section */
		1075430D1DC8F76400DE5160 /* Frameworks */ = {
			isa = PBXGroup;
			children = (
				1075430E1DC8F76400DE5160 /* SafariServices.framework */,
			);
			name = Frameworks;
			sourceTree = "<group>";
		};
		10CFBF191DC73B0900C41964 = {
			isa = PBXGroup;
			children = (
				10CFBF241DC73B0900C41964 /* FNUrlRoute */,
				10CFBF231DC73B0900C41964 /* Products */,
				1075430D1DC8F76400DE5160 /* Frameworks */,
			);
			sourceTree = "<group>";
		};
		10CFBF231DC73B0900C41964 /* Products */ = {
			isa = PBXGroup;
			children = (
				10CFBF221DC73B0900C41964 /* FNUrlRoute.app */,
			);
			name = Products;
			sourceTree = "<group>";
		};
		10CFBF241DC73B0900C41964 /* FNUrlRoute */ = {
			isa = PBXGroup;
			children = (
				10CFBF371DC73B2700C41964 /* FNUrlRoute */,
				10CFBF251DC73B0900C41964 /* AppDelegate.swift */,
				10CFBF271DC73B0900C41964 /* ViewController.swift */,
				10CFBF3C1DC73BB800C41964 /* GoodDetailViewController.swift */,
				10CFBF441DC7AC5C00C41964 /* ShopDetailViewController.swift */,
				1075430B1DC8EF0300DE5160 /* LoginModule.swift */,
				10CFBF2C1DC73B0900C41964 /* Assets.xcassets */,
				10CFBF2E1DC73B0900C41964 /* LaunchScreen.storyboard */,
				10CFBF311DC73B0900C41964 /* Info.plist */,
			);
			path = FNUrlRoute;
			sourceTree = "<group>";
		};
		10CFBF371DC73B2700C41964 /* FNUrlRoute */ = {
			isa = PBXGroup;
			children = (
				10CFBF381DC73B5400C41964 /* FNUrlRoute.swift */,
				10CFBF421DC7905B00C41964 /* FNUrlMatcher.swift */,
				10CFBF3A1DC73B6500C41964 /* FN.swift */,
				106608B71DCA4D5700E34918 /* FNUrlRouteHandleOver.swift */,
				10CFBF3E1DC73DBF00C41964 /* FNUtil.swift */,
				10CFBF401DC74DAB00C41964 /* FNUrlRouteDelegate.swift */,
			);
			path = FNUrlRoute;
			sourceTree = "<group>";
		};
/* End PBXGroup section */

/* Begin PBXNativeTarget section */
		10CFBF211DC73B0900C41964 /* FNUrlRoute */ = {
			isa = PBXNativeTarget;
			buildConfigurationList = 10CFBF341DC73B0900C41964 /* Build configuration list for PBXNativeTarget "FNUrlRoute" */;
			buildPhases = (
				10CFBF1E1DC73B0900C41964 /* Sources */,
				10CFBF1F1DC73B0900C41964 /* Frameworks */,
				10CFBF201DC73B0900C41964 /* Resources */,
			);
			buildRules = (
			);
			dependencies = (
			);
			name = FNUrlRoute;
			productName = FNUrlRoute;
			productReference = 10CFBF221DC73B0900C41964 /* FNUrlRoute.app */;
			productType = "com.apple.product-type.application";
		};
/* End PBXNativeTarget section */

/* Begin PBXProject section */
		10CFBF1A1DC73B0900C41964 /* Project object */ = {
			isa = PBXProject;
			attributes = {
				LastSwiftUpdateCheck = 0800;
				LastUpgradeCheck = 0800;
				ORGANIZATIONNAME = Fnoz;
				TargetAttributes = {
					10CFBF211DC73B0900C41964 = {
						CreatedOnToolsVersion = 8.0;
						ProvisioningStyle = Automatic;
					};
				};
			};
			buildConfigurationList = 10CFBF1D1DC73B0900C41964 /* Build configuration list for PBXProject "FNUrlRoute" */;
			compatibilityVersion = "Xcode 3.2";
			developmentRegion = English;
			hasScannedForEncodings = 0;
			knownRegions = (
				en,
				Base,
			);
			mainGroup = 10CFBF191DC73B0900C41964;
			productRefGroup = 10CFBF231DC73B0900C41964 /* Products */;
			projectDirPath = "";
			projectRoot = "";
			targets = (
				10CFBF211DC73B0900C41964 /* FNUrlRoute */,
			);
		};
/* End PBXProject section */

/* Begin PBXResourcesBuildPhase section */
		10CFBF201DC73B0900C41964 /* Resources */ = {
			isa = PBXResourcesBuildPhase;
			buildActionMask = 2147483647;
			files = (
				10CFBF301DC73B0900C41964 /* LaunchScreen.storyboard in Resources */,
				10CFBF2D1DC73B0900C41964 /* Assets.xcassets in Resources */,
			);
			runOnlyForDeploymentPostprocessing = 0;
		};
/* End PBXResourcesBuildPhase section */

/* Begin PBXSourcesBuildPhase section */
		10CFBF1E1DC73B0900C41964 /* Sources */ = {
			isa = PBXSourcesBuildPhase;
			buildActionMask = 2147483647;
			files = (
				10CFBF431DC7905B00C41964 /* FNUrlMatcher.swift in Sources */,
				10CFBF391DC73B5400C41964 /* FNUrlRoute.swift in Sources */,
				10CFBF451DC7AC5C00C41964 /* ShopDetailViewController.swift in Sources */,
				1075430C1DC8EF0300DE5160 /* LoginModule.swift in Sources */,
				10CFBF3D1DC73BB800C41964 /* GoodDetailViewController.swift in Sources */,
				10CFBF281DC73B0900C41964 /* ViewController.swift in Sources */,
				106608B81DCA4D5700E34918 /* FNUrlRouteHandleOver.swift in Sources */,
				10CFBF261DC73B0900C41964 /* AppDelegate.swift in Sources */,
				10CFBF3B1DC73B6500C41964 /* FN.swift in Sources */,
				10CFBF411DC74DAB00C41964 /* FNUrlRouteDelegate.swift in Sources */,
				10CFBF3F1DC73DBF00C41964 /* FNUtil.swift in Sources */,
			);
			runOnlyForDeploymentPostprocessing = 0;
		};
/* End PBXSourcesBuildPhase section */

/* Begin PBXVariantGroup section */
		10CFBF2E1DC73B0900C41964 /* LaunchScreen.storyboard */ = {
			isa = PBXVariantGroup;
			children = (
				10CFBF2F1DC73B0900C41964 /* Base */,
			);
			name = LaunchScreen.storyboard;
			sourceTree = "<group>";
		};
/* End PBXVariantGroup section */

/* Begin XCBuildConfiguration section */
		10CFBF321DC73B0900C41964 /* Debug */ = {
			isa = XCBuildConfiguration;
			buildSettings = {
				ALWAYS_SEARCH_USER_PATHS = NO;
				CLANG_ANALYZER_NONNULL = YES;
				CLANG_CXX_LANGUAGE_STANDARD = "gnu++0x";
				CLANG_CXX_LIBRARY = "libc++";
				CLANG_ENABLE_MODULES = YES;
				CLANG_ENABLE_OBJC_ARC = YES;
				CLANG_WARN_BOOL_CONVERSION = YES;
				CLANG_WARN_CONSTANT_CONVERSION = YES;
				CLANG_WARN_DIRECT_OBJC_ISA_USAGE = YES_ERROR;
				CLANG_WARN_DOCUMENTATION_COMMENTS = YES;
				CLANG_WARN_EMPTY_BODY = YES;
				CLANG_WARN_ENUM_CONVERSION = YES;
				CLANG_WARN_INFINITE_RECURSION = YES;
				CLANG_WARN_INT_CONVERSION = YES;
				CLANG_WARN_OBJC_ROOT_CLASS = YES_ERROR;
				CLANG_WARN_SUSPICIOUS_MOVES = YES;
				CLANG_WARN_UNREACHABLE_CODE = YES;
				CLANG_WARN__DUPLICATE_METHOD_MATCH = YES;
				"CODE_SIGN_IDENTITY[sdk=iphoneos*]" = "iPhone Developer";
				COPY_PHASE_STRIP = NO;
				DEBUG_INFORMATION_FORMAT = dwarf;
				ENABLE_STRICT_OBJC_MSGSEND = YES;
				ENABLE_TESTABILITY = YES;
				GCC_C_LANGUAGE_STANDARD = gnu99;
				GCC_DYNAMIC_NO_PIC = NO;
				GCC_NO_COMMON_BLOCKS = YES;
				GCC_OPTIMIZATION_LEVEL = 0;
				GCC_PREPROCESSOR_DEFINITIONS = (
					"DEBUG=1",
					"$(inherited)",
				);
				GCC_WARN_64_TO_32_BIT_CONVERSION = YES;
				GCC_WARN_ABOUT_RETURN_TYPE = YES_ERROR;
				GCC_WARN_UNDECLARED_SELECTOR = YES;
				GCC_WARN_UNINITIALIZED_AUTOS = YES_AGGRESSIVE;
				GCC_WARN_UNUSED_FUNCTION = YES;
				GCC_WARN_UNUSED_VARIABLE = YES;
				IPHONEOS_DEPLOYMENT_TARGET = 10.0;
				MTL_ENABLE_DEBUG_INFO = YES;
				ONLY_ACTIVE_ARCH = YES;
				SDKROOT = iphoneos;
				SWIFT_ACTIVE_COMPILATION_CONDITIONS = DEBUG;
				SWIFT_OPTIMIZATION_LEVEL = "-Onone";
			};
			name = Debug;
		};
		10CFBF331DC73B0900C41964 /* Release */ = {
			isa = XCBuildConfiguration;
			buildSettings = {
				ALWAYS_SEARCH_USER_PATHS = NO;
				CLANG_ANALYZER_NONNULL = YES;
				CLANG_CXX_LANGUAGE_STANDARD = "gnu++0x";
				CLANG_CXX_LIBRARY = "libc++";
				CLANG_ENABLE_MODULES = YES;
				CLANG_ENABLE_OBJC_ARC = YES;
				CLANG_WARN_BOOL_CONVERSION = YES;
				CLANG_WARN_CONSTANT_CONVERSION = YES;
				CLANG_WARN_DIRECT_OBJC_ISA_USAGE = YES_ERROR;
				CLANG_WARN_DOCUMENTATION_COMMENTS = YES;
				CLANG_WARN_EMPTY_BODY = YES;
				CLANG_WARN_ENUM_CONVERSION = YES;
				CLANG_WARN_INFINITE_RECURSION = YES;
				CLANG_WARN_INT_CONVERSION = YES;
				CLANG_WARN_OBJC_ROOT_CLASS = YES_ERROR;
				CLANG_WARN_SUSPICIOUS_MOVES = YES;
				CLANG_WARN_UNREACHABLE_CODE = YES;
				CLANG_WARN__DUPLICATE_METHOD_MATCH = YES;
				"CODE_SIGN_IDENTITY[sdk=iphoneos*]" = "iPhone Developer";
				COPY_PHASE_STRIP = NO;
				DEBUG_INFORMATION_FORMAT = "dwarf-with-dsym";
				ENABLE_NS_ASSERTIONS = NO;
				ENABLE_STRICT_OBJC_MSGSEND = YES;
				GCC_C_LANGUAGE_STANDARD = gnu99;
				GCC_NO_COMMON_BLOCKS = YES;
				GCC_WARN_64_TO_32_BIT_CONVERSION = YES;
				GCC_WARN_ABOUT_RETURN_TYPE = YES_ERROR;
				GCC_WARN_UNDECLARED_SELECTOR = YES;
				GCC_WARN_UNINITIALIZED_AUTOS = YES_AGGRESSIVE;
				GCC_WARN_UNUSED_FUNCTION = YES;
				GCC_WARN_UNUSED_VARIABLE = YES;
				IPHONEOS_DEPLOYMENT_TARGET = 10.0;
				MTL_ENABLE_DEBUG_INFO = NO;
				SDKROOT = iphoneos;
				SWIFT_OPTIMIZATION_LEVEL = "-Owholemodule";
				VALIDATE_PRODUCT = YES;
			};
			name = Release;
		};
		10CFBF351DC73B0900C41964 /* Debug */ = {
			isa = XCBuildConfiguration;
			buildSettings = {
				ASSETCATALOG_COMPILER_APPICON_NAME = AppIcon;
				INFOPLIST_FILE = FNUrlRoute/Info.plist;
				LD_RUNPATH_SEARCH_PATHS = "$(inherited) @executable_path/Frameworks";
				PRODUCT_BUNDLE_IDENTIFIER = Fnoz.FNUrlRoute;
				PRODUCT_NAME = "$(TARGET_NAME)";
				SWIFT_VERSION = 3.0;
			};
			name = Debug;
		};
		10CFBF361DC73B0900C41964 /* Release */ = {
			isa = XCBuildConfiguration;
			buildSettings = {
				ASSETCATALOG_COMPILER_APPICON_NAME = AppIcon;
				INFOPLIST_FILE = FNUrlRoute/Info.plist;
				LD_RUNPATH_SEARCH_PATHS = "$(inherited) @executable_path/Frameworks";
				PRODUCT_BUNDLE_IDENTIFIER = Fnoz.FNUrlRoute;
				PRODUCT_NAME = "$(TARGET_NAME)";
				SWIFT_VERSION = 3.0;
			};
			name = Release;
		};
/* End XCBuildConfiguration section */

/* Begin XCConfigurationList section */
		10CFBF1D1DC73B0900C41964 /* Build configuration list for PBXProject "FNUrlRoute" */ = {
			isa = XCConfigurationList;
			buildConfigurations = (
				10CFBF321DC73B0900C41964 /* Debug */,
				10CFBF331DC73B0900C41964 /* Release */,
			);
			defaultConfigurationIsVisible = 0;
			defaultConfigurationName = Release;
		};
		10CFBF341DC73B0900C41964 /* Build configuration list for PBXNativeTarget "FNUrlRoute" */ = {
			isa = XCConfigurationList;
			buildConfigurations = (
				10CFBF351DC73B0900C41964 /* Debug */,
				10CFBF361DC73B0900C41964 /* Release */,
			);
			defaultConfigurationIsVisible = 0;
			defaultConfigurationName = Release;
		};
/* End XCConfigurationList section */
	};
	rootObject = 10CFBF1A1DC73B0900C41964 /* Project object */;
}
